#MicroXplorer Configuration settings - do not modify
CAD.formats=
CAD.pinconfig=
CAD.provider=
Dma.Request0=TIM4_CH2
Dma.Request1=TIM4_UP
Dma.Request2=TIM3_CH4/UP
Dma.RequestsNb=3
Dma.TIM3_CH4/UP.2.Direction=DMA_MEMORY_TO_PERIPH
Dma.TIM3_CH4/UP.2.FIFOMode=DMA_FIFOMODE_DISABLE
Dma.TIM3_CH4/UP.2.Instance=DMA1_Stream2
Dma.TIM3_CH4/UP.2.MemDataAlignment=DMA_MDATAALIGN_WORD
Dma.TIM3_CH4/UP.2.MemInc=DMA_MINC_ENABLE
Dma.TIM3_CH4/UP.2.Mode=DMA_NORMAL
Dma.TIM3_CH4/UP.2.PeriphDataAlignment=DMA_PDATAALIGN_WORD
Dma.TIM3_CH4/UP.2.PeriphInc=DMA_PINC_DISABLE
Dma.TIM3_CH4/UP.2.Priority=DMA_PRIORITY_VERY_HIGH
Dma.TIM3_CH4/UP.2.RequestParameters=Instance,Direction,PeriphInc,MemInc,PeriphDataAlignment,MemDataAlignment,Mode,Priority,FIFOMode
Dma.TIM4_CH2.0.Direction=DMA_MEMORY_TO_PERIPH
Dma.TIM4_CH2.0.FIFOMode=DMA_FIFOMODE_DISABLE
Dma.TIM4_CH2.0.Instance=DMA1_Stream3
Dma.TIM4_CH2.0.MemDataAlignment=DMA_MDATAALIGN_WORD
Dma.TIM4_CH2.0.MemInc=DMA_MINC_ENABLE
Dma.TIM4_CH2.0.Mode=DMA_NORMAL
Dma.TIM4_CH2.0.PeriphDataAlignment=DMA_PDATAALIGN_WORD
Dma.TIM4_CH2.0.PeriphInc=DMA_PINC_DISABLE
Dma.TIM4_CH2.0.Priority=DMA_PRIORITY_VERY_HIGH
Dma.TIM4_CH2.0.RequestParameters=Instance,Direction,PeriphInc,MemInc,PeriphDataAlignment,MemDataAlignment,Mode,Priority,FIFOMode
Dma.TIM4_UP.1.Direction=DMA_MEMORY_TO_PERIPH
Dma.TIM4_UP.1.FIFOMode=DMA_FIFOMODE_DISABLE
Dma.TIM4_UP.1.Instance=DMA1_Stream6
Dma.TIM4_UP.1.MemDataAlignment=DMA_MDATAALIGN_WORD
Dma.TIM4_UP.1.MemInc=DMA_MINC_ENABLE
Dma.TIM4_UP.1.Mode=DMA_NORMAL
Dma.TIM4_UP.1.PeriphDataAlignment=DMA_PDATAALIGN_WORD
Dma.TIM4_UP.1.PeriphInc=DMA_PINC_DISABLE
Dma.TIM4_UP.1.Priority=DMA_PRIORITY_VERY_HIGH
Dma.TIM4_UP.1.RequestParameters=Instance,Direction,PeriphInc,MemInc,PeriphDataAlignment,MemDataAlignment,Mode,Priority,FIFOMode
File.Version=6
KeepUserPlacement=false
Mcu.CPN=STM32F401CCU6
Mcu.Family=STM32F4
Mcu.IP0=DMA
Mcu.IP1=NVIC
Mcu.IP2=RCC
Mcu.IP3=SYS
Mcu.IP4=TIM1
Mcu.IP5=TIM3
Mcu.IP6=TIM4
Mcu.IPNb=7
Mcu.Name=STM32F401C(B-C)Ux
Mcu.Package=UFQFPN48
Mcu.Pin0=PH0 - OSC_IN
Mcu.Pin1=PH1 - OSC_OUT
Mcu.Pin2=PB1
Mcu.Pin3=PA13
Mcu.Pin4=PA14
Mcu.Pin5=PB7
Mcu.Pin6=VP_TIM1_VS_ClockSourceINT
Mcu.Pin7=VP_TIM3_VS_ClockSourceINT
Mcu.Pin8=VP_TIM4_VS_ClockSourceINT
Mcu.PinsNb=9
Mcu.ThirdPartyNb=0
Mcu.UserConstants=
Mcu.UserName=STM32F401CCUx
MxCube.Version=6.7.0
MxDb.Version=DB.6.0.70
NVIC.BusFault_IRQn=true\:0\:0\:false\:false\:true\:false\:false\:false
NVIC.DMA1_Stream2_IRQn=true\:0\:0\:false\:false\:true\:false\:true\:true
NVIC.DMA1_Stream3_IRQn=true\:0\:0\:false\:false\:true\:false\:true\:true
NVIC.DMA1_Stream6_IRQn=true\:0\:0\:false\:false\:true\:false\:true\:true
NVIC.DebugMonitor_IRQn=true\:0\:0\:false\:false\:true\:false\:false\:false
NVIC.ForceEnableDMAVector=true
NVIC.HardFault_IRQn=true\:0\:0\:false\:false\:true\:false\:false\:false
NVIC.MemoryManagement_IRQn=true\:0\:0\:false\:false\:true\:false\:false\:false
NVIC.NonMaskableInt_IRQn=true\:0\:0\:false\:false\:true\:false\:false\:false
NVIC.PendSV_IRQn=true\:0\:0\:false\:false\:true\:false\:false\:false
NVIC.PriorityGroup=NVIC_PRIORITYGROUP_4
NVIC.SVCall_IRQn=true\:0\:0\:false\:false\:true\:false\:false\:false
NVIC.SysTick_IRQn=true\:15\:0\:false\:false\:true\:false\:true\:false
NVIC.UsageFault_IRQn=true\:0\:0\:false\:false\:true\:false\:false\:false
PA13.Mode=Serial_Wire
PA13.Signal=SYS_JTMS-SWDIO
PA14.Mode=Serial_Wire
PA14.Signal=SYS_JTCK-SWCLK
PB1.Signal=S_TIM3_CH4
PB7.GPIOParameters=GPIO_Label
PB7.GPIO_Label=TIM4_CH2_RGB
PB7.Signal=S_TIM4_CH2
PH0\ -\ OSC_IN.Mode=HSE-External-Oscillator
PH0\ -\ OSC_IN.Signal=RCC_OSC_IN
PH1\ -\ OSC_OUT.Mode=HSE-External-Oscillator
PH1\ -\ OSC_OUT.Signal=RCC_OSC_OUT
PinOutPanel.RotationAngle=0
ProjectManager.AskForMigrate=true
ProjectManager.BackupPrevious=false
ProjectManager.CompilerOptimize=6
ProjectManager.ComputerToolchain=false
ProjectManager.CoupleFile=true
ProjectManager.CustomerFirmwarePackage=
ProjectManager.DefaultFWLocation=true
ProjectManager.DeletePrevious=true
ProjectManager.DeviceId=STM32F401CCUx
ProjectManager.FirmwarePackage=STM32Cube FW_F4 V1.27.1
ProjectManager.FreePins=false
ProjectManager.HalAssertFull=false
ProjectManager.HeapSize=0x200
ProjectManager.KeepUserCode=true
ProjectManager.LastFirmware=true
ProjectManager.LibraryCopy=1
ProjectManager.MainLocation=Core/Src
ProjectManager.NoMain=false
ProjectManager.PreviousToolchain=
ProjectManager.ProjectBuild=false
ProjectManager.ProjectFileName=F401_RGB.ioc
ProjectManager.ProjectName=F401_RGB
ProjectManager.RegisterCallBack=
ProjectManager.StackSize=0x400
ProjectManager.TargetToolchain=STM32CubeIDE
ProjectManager.ToolChainLocation=
ProjectManager.UnderRoot=true
ProjectManager.functionlistsort=1-SystemClock_Config-RCC-false-HAL-false,2-MX_GPIO_Init-GPIO-false-HAL-true,3-MX_DMA_Init-DMA-false-HAL-true,4-MX_TIM4_Init-TIM4-false-HAL-true,5-MX_TIM1_Init-TIM1-false-HAL-true,6-MX_TIM3_Init-TIM3-false-HAL-true
RCC.48MHZClocksFreq_Value=40000000
RCC.AHBFreq_Value=80000000
RCC.APB1CLKDivider=RCC_HCLK_DIV2
RCC.APB1Freq_Value=40000000
RCC.APB1TimFreq_Value=80000000
RCC.APB2Freq_Value=80000000
RCC.APB2TimFreq_Value=80000000
RCC.CortexFreq_Value=80000000
RCC.FCLKCortexFreq_Value=80000000
RCC.HCLKFreq_Value=80000000
RCC.HSE_VALUE=16000000
RCC.HSI_VALUE=16000000
RCC.I2SClocksFreq_Value=192000000
RCC.IPParameters=48MHZClocksFreq_Value,AHBFreq_Value,APB1CLKDivider,APB1Freq_Value,APB1TimFreq_Value,APB2Freq_Value,APB2TimFreq_Value,CortexFreq_Value,FCLKCortexFreq_Value,HCLKFreq_Value,HSE_VALUE,HSI_VALUE,I2SClocksFreq_Value,LSE_VALUE,LSI_VALUE,PLLCLKFreq_Value,PLLM,PLLN,PLLQCLKFreq_Value,PLLSourceVirtual,RTCFreq_Value,RTCHSEDivFreq_Value,SYSCLKFreq_VALUE,SYSCLKSource,VCOI2SOutputFreq_Value,VCOInputFreq_Value,VCOOutputFreq_Value,VcooutputI2S
RCC.LSE_VALUE=32768
RCC.LSI_VALUE=32000
RCC.PLLCLKFreq_Value=80000000
RCC.PLLM=8
RCC.PLLN=80
RCC.PLLQCLKFreq_Value=40000000
RCC.PLLSourceVirtual=RCC_PLLSOURCE_HSE
RCC.RTCFreq_Value=32000
RCC.RTCHSEDivFreq_Value=8000000
RCC.SYSCLKFreq_VALUE=80000000
RCC.SYSCLKSource=RCC_SYSCLKSOURCE_PLLCLK
RCC.VCOI2SOutputFreq_Value=384000000
RCC.VCOInputFreq_Value=2000000
RCC.VCOOutputFreq_Value=160000000
RCC.VcooutputI2S=192000000
SH.S_TIM3_CH4.0=TIM3_CH4,PWM Generation4 CH4
SH.S_TIM3_CH4.ConfNb=1
SH.S_TIM4_CH2.0=TIM4_CH2,PWM Generation2 CH2
SH.S_TIM4_CH2.ConfNb=1
TIM1.IPParameters=Prescaler
TIM1.Prescaler=79
TIM3.Channel-PWM\ Generation4\ CH4=TIM_CHANNEL_4
TIM3.IPParameters=Channel-PWM Generation4 CH4,Period
TIM3.Period=99
TIM4.Channel-PWM\ Generation2\ CH2=TIM_CHANNEL_2
TIM4.IPParameters=Period,Channel-PWM Generation2 CH2
TIM4.Period=99
VP_TIM1_VS_ClockSourceINT.Mode=Internal
VP_TIM1_VS_ClockSourceINT.Signal=TIM1_VS_ClockSourceINT
VP_TIM3_VS_ClockSourceINT.Mode=Internal
VP_TIM3_VS_ClockSourceINT.Signal=TIM3_VS_ClockSourceINT
VP_TIM4_VS_ClockSourceINT.Mode=Internal
VP_TIM4_VS_ClockSourceINT.Signal=TIM4_VS_ClockSourceINT
board=custom
isbadioc=false
